
Microsoft Visual Studio Solution File, Format Version 12.00
# Visual Studio Version 16
VisualStudioVersion = 16.0.32929.386
MinimumVisualStudioVersion = 10.0.40219.1
Project("{FAE04EC0-301F-11D3-BF4B-00C04F79EFBC}") = "WebApp", "WebApp.csproj", "{4A433A36-5431-4B62-A6BB-6567A9DF5356}"
EndProject
Global
	GlobalSection(SolutionConfigurationPlatforms) = preSolution
		Debug|Any CPU = Debug|Any CPU
		Release|Any CPU = Release|Any CPU
	EndGlobalSection
	GlobalSection(ProjectConfigurationPlatforms) = postSolution
		{4A433A36-5431-4B62-A6BB-6567A9DF5356}.Debug|Any CPU.ActiveCfg = Debug|Any CPU
		{4A433A36-5431-4B62-A6BB-6567A9DF5356}.Debug|Any CPU.Build.0 = Debug|Any CPU
		{4A433A36-5431-4B62-A6BB-6567A9DF5356}.Release|Any CPU.ActiveCfg = Release|Any CPU
		{4A433A36-5431-4B62-A6BB-6567A9DF5356}.Release|Any CPU.Build.0 = Release|Any CPU
	EndGlobalSection
	GlobalSection(SolutionProperties) = preSolution
		HideSolutionNode = FALSE
	EndGlobalSection
	GlobalSection(ExtensibilityGlobals) = postSolution
		SolutionGuid = {BEA37BB5-10D6-469B-BCD9-22EA31AF690A}
	EndGlobalSection
EndGlobal
